
Microsoft Visual Studio Solution File, Format Version 12.00
# Visual Studio Version 16
VisualStudioVersion = 16.0.30804.86
MinimumVisualStudioVersion = 10.0.40219.1
Project("{FAE04EC0-301F-11D3-BF4B-00C04F79EFBC}") = "WebApiAjax", "WebApiAjax\WebApiAjax.csproj", "{DC939C8F-F0F7-4945-9902-AD16FF8BE02A}"
EndProject
Global
	GlobalSection(SolutionConfigurationPlatforms) = preSolution
		Debug|Any CPU = Debug|Any CPU
		Release|Any CPU = Release|Any CPU
	EndGlobalSection
	GlobalSection(ProjectConfigurationPlatforms) = postSolution
		{DC939C8F-F0F7-4945-9902-AD16FF8BE02A}.Debug|Any CPU.ActiveCfg = Debug|Any CPU
		{DC939C8F-F0F7-4945-9902-AD16FF8BE02A}.Debug|Any CPU.Build.0 = Debug|Any CPU
		{DC939C8F-F0F7-4945-9902-AD16FF8BE02A}.Release|Any CPU.ActiveCfg = Release|Any CPU
		{DC939C8F-F0F7-4945-9902-AD16FF8BE02A}.Release|Any CPU.Build.0 = Release|Any CPU
	EndGlobalSection
	GlobalSection(SolutionProperties) = preSolution
		HideSolutionNode = FALSE
	EndGlobalSection
	GlobalSection(ExtensibilityGlobals) = postSolution
		SolutionGuid = {9D7AB6F4-699D-4821-9509-EB2A36DCDD78}
	EndGlobalSection
EndGlobal
